
Microsoft Visual Studio Solution File, Format Version 12.00
# Visual Studio Version 17
VisualStudioVersion = 17.2.32519.379
MinimumVisualStudioVersion = 10.0.40219.1
Project("{FAE04EC0-301F-11D3-BF4B-00C04F79EFBC}") = "inventory_list", "inventory_list.csproj", "{B4D14496-C1DA-4B99-810D-FA509BE8B50E}"
EndProject
Global
	GlobalSection(SolutionConfigurationPlatforms) = preSolution
		Debug|Any CPU = Debug|Any CPU
		Release|Any CPU = Release|Any CPU
	EndGlobalSection
	GlobalSection(ProjectConfigurationPlatforms) = postSolution
		{B4D14496-C1DA-4B99-810D-FA509BE8B50E}.Debug|Any CPU.ActiveCfg = Debug|Any CPU
		{B4D14496-C1DA-4B99-810D-FA509BE8B50E}.Debug|Any CPU.Build.0 = Debug|Any CPU
		{B4D14496-C1DA-4B99-810D-FA509BE8B50E}.Release|Any CPU.ActiveCfg = Release|Any CPU
		{B4D14496-C1DA-4B99-810D-FA509BE8B50E}.Release|Any CPU.Build.0 = Release|Any CPU
	EndGlobalSection
	GlobalSection(SolutionProperties) = preSolution
		HideSolutionNode = FALSE
	EndGlobalSection
	GlobalSection(ExtensibilityGlobals) = postSolution
		SolutionGuid = {D35AA88E-7A45-422B-BBA4-7AE7B5E566FE}
	EndGlobalSection
EndGlobal
